// !$*UTF8*$!
{
	archiveVersion = 1;
	classes = {
	};
	objectVersion = 55;
	objects = {

/* Begin PBXBuildFile section */
		2C372C69247421DB16DA744A /* Pods_Reciplease.framework in Frameworks */ = {isa = PBXBuildFile; fileRef = AD5B63C1EF5F827C12BF7520 /* Pods_Reciplease.framework */; };
		BE14F443C32593F7ED758B99 /* Pods_RecipleaseTests.framework in Frameworks */ = {isa = PBXBuildFile; fileRef = 8448035D252A1CCEE409D579 /* Pods_RecipleaseTests.framework */; };
		E95069F0286DF6A700BE1F6E /* FavoriteSearchServiceTest.swift in Sources */ = {isa = PBXBuildFile; fileRef = E95069EF286DF6A700BE1F6E /* FavoriteSearchServiceTest.swift */; };
		E95069F2286E079800BE1F6E /* EdamamApiConstant.swift in Sources */ = {isa = PBXBuildFile; fileRef = E95069F1286E079800BE1F6E /* EdamamApiConstant.swift */; };
		E951AB7D2867215D00FA9D7C /* NetworkServiceTest.swift in Sources */ = {isa = PBXBuildFile; fileRef = E951AB7C2867215D00FA9D7C /* NetworkServiceTest.swift */; };
		E951AB7F286725E100FA9D7C /* MockURLProtocol.swift in Sources */ = {isa = PBXBuildFile; fileRef = E951AB7E286725E100FA9D7C /* MockURLProtocol.swift */; };
		E951AB812867273C00FA9D7C /* FakeResponse.swift in Sources */ = {isa = PBXBuildFile; fileRef = E951AB802867273C00FA9D7C /* FakeResponse.swift */; };
		E951AB832867283900FA9D7C /* RecipeData.json in Resources */ = {isa = PBXBuildFile; fileRef = E951AB822867283900FA9D7C /* RecipeData.json */; };
		E951AB87286740B500FA9D7C /* RecipeSearchServiceTest.swift in Sources */ = {isa = PBXBuildFile; fileRef = E951AB86286740B500FA9D7C /* RecipeSearchServiceTest.swift */; };
		E951AB8B2867739800FA9D7C /* RecipeDataEmpty.json in Resources */ = {isa = PBXBuildFile; fileRef = E951AB8A2867739800FA9D7C /* RecipeDataEmpty.json */; };
		E95C99722868968300A68F4F /* RecipeDetailViewController.swift in Sources */ = {isa = PBXBuildFile; fileRef = E95C99712868968300A68F4F /* RecipeDetailViewController.swift */; };
		E95D6EE928649674009520A3 /* ViewControllerExtension.swift in Sources */ = {isa = PBXBuildFile; fileRef = E95D6EE828649674009520A3 /* ViewControllerExtension.swift */; };
		E95D6EEB28649D7B009520A3 /* RecipeSearchService.swift in Sources */ = {isa = PBXBuildFile; fileRef = E95D6EEA28649D7B009520A3 /* RecipeSearchService.swift */; };
		E95D6EED28649E64009520A3 /* EdamamApi.swift in Sources */ = {isa = PBXBuildFile; fileRef = E95D6EEC28649E64009520A3 /* EdamamApi.swift */; };
		E95D6EEF2864F487009520A3 /* RecipeSearchResultViewController.swift in Sources */ = {isa = PBXBuildFile; fileRef = E95D6EEE2864F487009520A3 /* RecipeSearchResultViewController.swift */; };
		E95D6EF128651B70009520A3 /* IngredientTableViewCell.swift in Sources */ = {isa = PBXBuildFile; fileRef = E95D6EF028651B70009520A3 /* IngredientTableViewCell.swift */; };
		E986B1432864830B00FC3153 /* NetworkService.swift in Sources */ = {isa = PBXBuildFile; fileRef = E986B1422864830B00FC3153 /* NetworkService.swift */; };
		E98E737E286A55A100CAE782 /* Recipe.swift in Sources */ = {isa = PBXBuildFile; fileRef = E98E737D286A55A100CAE782 /* Recipe.swift */; };
		E98E7380286A61B900CAE782 /* Favorite.swift in Sources */ = {isa = PBXBuildFile; fileRef = E98E737F286A61B900CAE782 /* Favorite.swift */; };
		E99E575328660C7F0057C206 /* RecipeSearchError.swift in Sources */ = {isa = PBXBuildFile; fileRef = E99E575228660C7F0057C206 /* RecipeSearchError.swift */; };
		E99E5759286648B00057C206 /* RecipeTableViewCell.swift in Sources */ = {isa = PBXBuildFile; fileRef = E99E5758286648B00057C206 /* RecipeTableViewCell.swift */; };
		E99E575B286658610057C206 /* recipeSearchLabel.swift in Sources */ = {isa = PBXBuildFile; fileRef = E99E575A286658610057C206 /* recipeSearchLabel.swift */; };
		E9C4AFB928638A0A00A2C744 /* IngredientRelatedLabel.swift in Sources */ = {isa = PBXBuildFile; fileRef = E9C4AFB828638A0A00A2C744 /* IngredientRelatedLabel.swift */; };
		E9E3A50028612C5200E59144 /* AppDelegate.swift in Sources */ = {isa = PBXBuildFile; fileRef = E9E3A4FF28612C5200E59144 /* AppDelegate.swift */; };
		E9E3A50228612C5200E59144 /* SceneDelegate.swift in Sources */ = {isa = PBXBuildFile; fileRef = E9E3A50128612C5200E59144 /* SceneDelegate.swift */; };
		E9E3A50428612C5200E59144 /* RecipeSearchViewController.swift in Sources */ = {isa = PBXBuildFile; fileRef = E9E3A50328612C5200E59144 /* RecipeSearchViewController.swift */; };
		E9E3A50728612C5200E59144 /* Main.storyboard in Resources */ = {isa = PBXBuildFile; fileRef = E9E3A50528612C5200E59144 /* Main.storyboard */; };
		E9E3A50A28612C5200E59144 /* Reciplease.xcdatamodeld in Sources */ = {isa = PBXBuildFile; fileRef = E9E3A50828612C5200E59144 /* Reciplease.xcdatamodeld */; };
		E9E3A50C28612C5300E59144 /* Assets.xcassets in Resources */ = {isa = PBXBuildFile; fileRef = E9E3A50B28612C5300E59144 /* Assets.xcassets */; };
		E9E3A50F28612C5300E59144 /* LaunchScreen.storyboard in Resources */ = {isa = PBXBuildFile; fileRef = E9E3A50D28612C5300E59144 /* LaunchScreen.storyboard */; };
		E9F46FDA286B668B0002EB71 /* FavoriteSearchResultTableViewController.swift in Sources */ = {isa = PBXBuildFile; fileRef = E9F46FD9286B668B0002EB71 /* FavoriteSearchResultTableViewController.swift */; };
		E9F46FDC286BA3730002EB71 /* FavoriteSearchService.swift in Sources */ = {isa = PBXBuildFile; fileRef = E9F46FDB286BA3730002EB71 /* FavoriteSearchService.swift */; };
		E9FD9CBE2863690F00FA6ADA /* UiViewExtended.swift in Sources */ = {isa = PBXBuildFile; fileRef = E9FD9CBD2863690F00FA6ADA /* UiViewExtended.swift */; };
/* End PBXBuildFile section */

/* Begin PBXContainerItemProxy section */
		E951AB76286720C300FA9D7C /* PBXContainerItemProxy */ = {
			isa = PBXContainerItemProxy;
			containerPortal = E9E3A4F428612C5100E59144 /* Project object */;
			proxyType = 1;
			remoteGlobalIDString = E9E3A4FB28612C5200E59144;
			remoteInfo = Reciplease;
		};
/* End PBXContainerItemProxy section */

/* Begin PBXFileReference section */
		3526F3C61873782E71DB0FE5 /* Pods-RecipleaseTests.debug.xcconfig */ = {isa = PBXFileReference; includeInIndex = 1; lastKnownFileType = text.xcconfig; name = "Pods-RecipleaseTests.debug.xcconfig"; path = "Target Support Files/Pods-RecipleaseTests/Pods-RecipleaseTests.debug.xcconfig"; sourceTree = "<group>"; };
		35CC4A2D25A7C1AAD5084F06 /* Pods-Reciplease.release.xcconfig */ = {isa = PBXFileReference; includeInIndex = 1; lastKnownFileType = text.xcconfig; name = "Pods-Reciplease.release.xcconfig"; path = "Target Support Files/Pods-Reciplease/Pods-Reciplease.release.xcconfig"; sourceTree = "<group>"; };
		5B981F1275FCAA66772CD94D /* Pods-Reciplease.debug.xcconfig */ = {isa = PBXFileReference; includeInIndex = 1; lastKnownFileType = text.xcconfig; name = "Pods-Reciplease.debug.xcconfig"; path = "Target Support Files/Pods-Reciplease/Pods-Reciplease.debug.xcconfig"; sourceTree = "<group>"; };
		8448035D252A1CCEE409D579 /* Pods_RecipleaseTests.framework */ = {isa = PBXFileReference; explicitFileType = wrapper.framework; includeInIndex = 0; path = Pods_RecipleaseTests.framework; sourceTree = BUILT_PRODUCTS_DIR; };
		AD5B63C1EF5F827C12BF7520 /* Pods_Reciplease.framework */ = {isa = PBXFileReference; explicitFileType = wrapper.framework; includeInIndex = 0; path = Pods_Reciplease.framework; sourceTree = BUILT_PRODUCTS_DIR; };
		E59792DFE26B3F903F896949 /* Pods-RecipleaseTests.release.xcconfig */ = {isa = PBXFileReference; includeInIndex = 1; lastKnownFileType = text.xcconfig; name = "Pods-RecipleaseTests.release.xcconfig"; path = "Target Support Files/Pods-RecipleaseTests/Pods-RecipleaseTests.release.xcconfig"; sourceTree = "<group>"; };
		E95069EF286DF6A700BE1F6E /* FavoriteSearchServiceTest.swift */ = {isa = PBXFileReference; lastKnownFileType = sourcecode.swift; path = FavoriteSearchServiceTest.swift; sourceTree = "<group>"; };
		E95069F1286E079800BE1F6E /* EdamamApiConstant.swift */ = {isa = PBXFileReference; lastKnownFileType = sourcecode.swift; path = EdamamApiConstant.swift; sourceTree = "<group>"; };
		E951AB72286720C300FA9D7C /* RecipleaseTests.xctest */ = {isa = PBXFileReference; explicitFileType = wrapper.cfbundle; includeInIndex = 0; path = RecipleaseTests.xctest; sourceTree = BUILT_PRODUCTS_DIR; };
		E951AB7B2867215C00FA9D7C /* RecipleaseTests-Bridging-Header.h */ = {isa = PBXFileReference; lastKnownFileType = sourcecode.c.h; path = "RecipleaseTests-Bridging-Header.h"; sourceTree = "<group>"; };
		E951AB7C2867215D00FA9D7C /* NetworkServiceTest.swift */ = {isa = PBXFileReference; lastKnownFileType = sourcecode.swift; path = NetworkServiceTest.swift; sourceTree = "<group>"; };
		E951AB7E286725E100FA9D7C /* MockURLProtocol.swift */ = {isa = PBXFileReference; fileEncoding = 4; lastKnownFileType = sourcecode.swift; path = MockURLProtocol.swift; sourceTree = "<group>"; };
		E951AB802867273C00FA9D7C /* FakeResponse.swift */ = {isa = PBXFileReference; fileEncoding = 4; lastKnownFileType = sourcecode.swift; path = FakeResponse.swift; sourceTree = "<group>"; };
		E951AB822867283900FA9D7C /* RecipeData.json */ = {isa = PBXFileReference; lastKnownFileType = text.json; path = RecipeData.json; sourceTree = "<group>"; };
		E951AB86286740B500FA9D7C /* RecipeSearchServiceTest.swift */ = {isa = PBXFileReference; lastKnownFileType = sourcecode.swift; path = RecipeSearchServiceTest.swift; sourceTree = "<group>"; };
		E951AB8A2867739800FA9D7C /* RecipeDataEmpty.json */ = {isa = PBXFileReference; lastKnownFileType = text.json; path = RecipeDataEmpty.json; sourceTree = "<group>"; };
		E95C99712868968300A68F4F /* RecipeDetailViewController.swift */ = {isa = PBXFileReference; lastKnownFileType = sourcecode.swift; name = RecipeDetailViewController.swift; path = Reciplease/Controler/RecipeDetailViewController.swift; sourceTree = SOURCE_ROOT; };
		E95D6EE828649674009520A3 /* ViewControllerExtension.swift */ = {isa = PBXFileReference; fileEncoding = 4; lastKnownFileType = sourcecode.swift; path = ViewControllerExtension.swift; sourceTree = "<group>"; };
		E95D6EEA28649D7B009520A3 /* RecipeSearchService.swift */ = {isa = PBXFileReference; lastKnownFileType = sourcecode.swift; path = RecipeSearchService.swift; sourceTree = "<group>"; };
		E95D6EEC28649E64009520A3 /* EdamamApi.swift */ = {isa = PBXFileReference; lastKnownFileType = sourcecode.swift; path = EdamamApi.swift; sourceTree = "<group>"; };
		E95D6EEE2864F487009520A3 /* RecipeSearchResultViewController.swift */ = {isa = PBXFileReference; lastKnownFileType = sourcecode.swift; path = RecipeSearchResultViewController.swift; sourceTree = "<group>"; };
		E95D6EF028651B70009520A3 /* IngredientTableViewCell.swift */ = {isa = PBXFileReference; lastKnownFileType = sourcecode.swift; path = IngredientTableViewCell.swift; sourceTree = "<group>"; };
		E986B1422864830B00FC3153 /* NetworkService.swift */ = {isa = PBXFileReference; lastKnownFileType = sourcecode.swift; path = NetworkService.swift; sourceTree = "<group>"; };
		E98E737D286A55A100CAE782 /* Recipe.swift */ = {isa = PBXFileReference; lastKnownFileType = sourcecode.swift; path = Recipe.swift; sourceTree = "<group>"; };
		E98E737F286A61B900CAE782 /* Favorite.swift */ = {isa = PBXFileReference; lastKnownFileType = sourcecode.swift; path = Favorite.swift; sourceTree = "<group>"; };
		E99E575228660C7F0057C206 /* RecipeSearchError.swift */ = {isa = PBXFileReference; lastKnownFileType = sourcecode.swift; path = RecipeSearchError.swift; sourceTree = "<group>"; };
		E99E5758286648B00057C206 /* RecipeTableViewCell.swift */ = {isa = PBXFileReference; lastKnownFileType = sourcecode.swift; path = RecipeTableViewCell.swift; sourceTree = "<group>"; };
		E99E575A286658610057C206 /* recipeSearchLabel.swift */ = {isa = PBXFileReference; lastKnownFileType = sourcecode.swift; path = recipeSearchLabel.swift; sourceTree = "<group>"; };
		E9C4AFB828638A0A00A2C744 /* IngredientRelatedLabel.swift */ = {isa = PBXFileReference; lastKnownFileType = sourcecode.swift; path = IngredientRelatedLabel.swift; sourceTree = "<group>"; };
		E9E3A4FC28612C5200E59144 /* Reciplease.app */ = {isa = PBXFileReference; explicitFileType = wrapper.application; includeInIndex = 0; path = Reciplease.app; sourceTree = BUILT_PRODUCTS_DIR; };
		E9E3A4FF28612C5200E59144 /* AppDelegate.swift */ = {isa = PBXFileReference; lastKnownFileType = sourcecode.swift; path = AppDelegate.swift; sourceTree = "<group>"; };
		E9E3A50128612C5200E59144 /* SceneDelegate.swift */ = {isa = PBXFileReference; lastKnownFileType = sourcecode.swift; path = SceneDelegate.swift; sourceTree = "<group>"; };
		E9E3A50328612C5200E59144 /* RecipeSearchViewController.swift */ = {isa = PBXFileReference; lastKnownFileType = sourcecode.swift; path = RecipeSearchViewController.swift; sourceTree = "<group>"; };
		E9E3A50628612C5200E59144 /* Base */ = {isa = PBXFileReference; lastKnownFileType = file.storyboard; name = Base; path = Base.lproj/Main.storyboard; sourceTree = "<group>"; };
		E9E3A50928612C5200E59144 /* Reciplease.xcdatamodel */ = {isa = PBXFileReference; lastKnownFileType = wrapper.xcdatamodel; path = Reciplease.xcdatamodel; sourceTree = "<group>"; };
		E9E3A50B28612C5300E59144 /* Assets.xcassets */ = {isa = PBXFileReference; lastKnownFileType = folder.assetcatalog; path = Assets.xcassets; sourceTree = "<group>"; };
		E9E3A50E28612C5300E59144 /* Base */ = {isa = PBXFileReference; lastKnownFileType = file.storyboard; name = Base; path = Base.lproj/LaunchScreen.storyboard; sourceTree = "<group>"; };
		E9E3A51028612C5300E59144 /* Info.plist */ = {isa = PBXFileReference; lastKnownFileType = text.plist.xml; path = Info.plist; sourceTree = "<group>"; };
		E9F46FD9286B668B0002EB71 /* FavoriteSearchResultTableViewController.swift */ = {isa = PBXFileReference; lastKnownFileType = sourcecode.swift; path = FavoriteSearchResultTableViewController.swift; sourceTree = "<group>"; };
		E9F46FDB286BA3730002EB71 /* FavoriteSearchService.swift */ = {isa = PBXFileReference; lastKnownFileType = sourcecode.swift; path = FavoriteSearchService.swift; sourceTree = "<group>"; };
		E9FD9CBD2863690F00FA6ADA /* UiViewExtended.swift */ = {isa = PBXFileReference; lastKnownFileType = sourcecode.swift; path = UiViewExtended.swift; sourceTree = "<group>"; };
/* End PBXFileReference section */

/* Begin PBXFrameworksBuildPhase section */
		E951AB6F286720C300FA9D7C /* Frameworks */ = {
			isa = PBXFrameworksBuildPhase;
			buildActionMask = 2147483647;
			files = (
				BE14F443C32593F7ED758B99 /* Pods_RecipleaseTests.framework in Frameworks */,
			);
			runOnlyForDeploymentPostprocessing = 0;
		};
		E9E3A4F928612C5200E59144 /* Frameworks */ = {
			isa = PBXFrameworksBuildPhase;
			buildActionMask = 2147483647;
			files = (
				2C372C69247421DB16DA744A /* Pods_Reciplease.framework in Frameworks */,
			);
			runOnlyForDeploymentPostprocessing = 0;
		};
/* End PBXFrameworksBuildPhase section */

/* Begin PBXGroup section */
		557D0115259FB26E31D20E01 /* Frameworks */ = {
			isa = PBXGroup;
			children = (
				AD5B63C1EF5F827C12BF7520 /* Pods_Reciplease.framework */,
				8448035D252A1CCEE409D579 /* Pods_RecipleaseTests.framework */,
			);
			name = Frameworks;
			sourceTree = "<group>";
		};
		B1138AEA75096870D8F24E34 /* Pods */ = {
			isa = PBXGroup;
			children = (
				5B981F1275FCAA66772CD94D /* Pods-Reciplease.debug.xcconfig */,
				35CC4A2D25A7C1AAD5084F06 /* Pods-Reciplease.release.xcconfig */,
				3526F3C61873782E71DB0FE5 /* Pods-RecipleaseTests.debug.xcconfig */,
				E59792DFE26B3F903F896949 /* Pods-RecipleaseTests.release.xcconfig */,
			);
			path = Pods;
			sourceTree = "<group>";
		};
		E951AB73286720C300FA9D7C /* RecipleaseTests */ = {
			isa = PBXGroup;
			children = (
				E9F46FDD286BB44F0002EB71 /* JSONs */,
				E951AB7C2867215D00FA9D7C /* NetworkServiceTest.swift */,
				E951AB802867273C00FA9D7C /* FakeResponse.swift */,
				E951AB7E286725E100FA9D7C /* MockURLProtocol.swift */,
				E951AB7B2867215C00FA9D7C /* RecipleaseTests-Bridging-Header.h */,
				E951AB86286740B500FA9D7C /* RecipeSearchServiceTest.swift */,
				E95069EF286DF6A700BE1F6E /* FavoriteSearchServiceTest.swift */,
			);
			path = RecipleaseTests;
			sourceTree = "<group>";
		};
		E99E5754286629F90057C206 /* Errors */ = {
			isa = PBXGroup;
			children = (
				E99E575228660C7F0057C206 /* RecipeSearchError.swift */,
			);
			path = Errors;
			sourceTree = "<group>";
		};
		E99E575528662A160057C206 /* API */ = {
			isa = PBXGroup;
			children = (
				E95D6EEC28649E64009520A3 /* EdamamApi.swift */,
				E95069F1286E079800BE1F6E /* EdamamApiConstant.swift */,
			);
			path = API;
			sourceTree = "<group>";
		};
		E99E575628662A8E0057C206 /* Services */ = {
			isa = PBXGroup;
			children = (
				E986B1422864830B00FC3153 /* NetworkService.swift */,
				E95D6EEA28649D7B009520A3 /* RecipeSearchService.swift */,
				E9F46FDB286BA3730002EB71 /* FavoriteSearchService.swift */,
			);
			path = Services;
			sourceTree = "<group>";
		};
		E9E3A4F328612C5100E59144 = {
			isa = PBXGroup;
			children = (
				E9E3A4FE28612C5200E59144 /* Reciplease */,
				E951AB73286720C300FA9D7C /* RecipleaseTests */,
				E9E3A4FD28612C5200E59144 /* Products */,
				B1138AEA75096870D8F24E34 /* Pods */,
				557D0115259FB26E31D20E01 /* Frameworks */,
			);
			sourceTree = "<group>";
		};
		E9E3A4FD28612C5200E59144 /* Products */ = {
			isa = PBXGroup;
			children = (
				E9E3A4FC28612C5200E59144 /* Reciplease.app */,
				E951AB72286720C300FA9D7C /* RecipleaseTests.xctest */,
			);
			name = Products;
			sourceTree = "<group>";
		};
		E9E3A4FE28612C5200E59144 /* Reciplease */ = {
			isa = PBXGroup;
			children = (
				E9E3A51D2861477300E59144 /* Controler */,
				E9E3A5172861325400E59144 /* Model */,
				E9E3A5162861324700E59144 /* View */,
				E9E3A4FF28612C5200E59144 /* AppDelegate.swift */,
				E9E3A50128612C5200E59144 /* SceneDelegate.swift */,
				E9E3A50B28612C5300E59144 /* Assets.xcassets */,
				E9E3A50D28612C5300E59144 /* LaunchScreen.storyboard */,
				E9E3A51028612C5300E59144 /* Info.plist */,
			);
			path = Reciplease;
			sourceTree = "<group>";
		};
		E9E3A5162861324700E59144 /* View */ = {
			isa = PBXGroup;
			children = (
				E9E3A50528612C5200E59144 /* Main.storyboard */,
				E9FD9CBD2863690F00FA6ADA /* UiViewExtended.swift */,
				E9C4AFB828638A0A00A2C744 /* IngredientRelatedLabel.swift */,
				E95D6EF028651B70009520A3 /* IngredientTableViewCell.swift */,
				E99E5758286648B00057C206 /* RecipeTableViewCell.swift */,
				E99E575A286658610057C206 /* recipeSearchLabel.swift */,
			);
			path = View;
			sourceTree = "<group>";
		};
		E9E3A5172861325400E59144 /* Model */ = {
			isa = PBXGroup;
			children = (
				E99E575628662A8E0057C206 /* Services */,
				E99E575528662A160057C206 /* API */,
				E99E5754286629F90057C206 /* Errors */,
				E9E3A518286132A200E59144 /* CoreData */,
			);
			path = Model;
			sourceTree = "<group>";
		};
		E9E3A518286132A200E59144 /* CoreData */ = {
			isa = PBXGroup;
			children = (
				E9E3A50828612C5200E59144 /* Reciplease.xcdatamodeld */,
				E98E737D286A55A100CAE782 /* Recipe.swift */,
				E98E737F286A61B900CAE782 /* Favorite.swift */,
			);
			path = CoreData;
			sourceTree = "<group>";
		};
		E9E3A51D2861477300E59144 /* Controler */ = {
			isa = PBXGroup;
			children = (
				E95D6EE828649674009520A3 /* ViewControllerExtension.swift */,
				E9E3A50328612C5200E59144 /* RecipeSearchViewController.swift */,
				E95D6EEE2864F487009520A3 /* RecipeSearchResultViewController.swift */,
				E95C99712868968300A68F4F /* RecipeDetailViewController.swift */,
				E9F46FD9286B668B0002EB71 /* FavoriteSearchResultTableViewController.swift */,
			);
			path = Controler;
			sourceTree = "<group>";
		};
		E9F46FDD286BB44F0002EB71 /* JSONs */ = {
			isa = PBXGroup;
			children = (
				E951AB822867283900FA9D7C /* RecipeData.json */,
				E951AB8A2867739800FA9D7C /* RecipeDataEmpty.json */,
			);
			path = JSONs;
			sourceTree = "<group>";
		};
/* End PBXGroup section */

/* Begin PBXNativeTarget section */
		E951AB71286720C300FA9D7C /* RecipleaseTests */ = {
			isa = PBXNativeTarget;
			buildConfigurationList = E951AB7A286720C300FA9D7C /* Build configuration list for PBXNativeTarget "RecipleaseTests" */;
			buildPhases = (
				2FB5CC8AC5F5FA24CA812DF4 /* [CP] Check Pods Manifest.lock */,
				E951AB6E286720C300FA9D7C /* Sources */,
				E951AB6F286720C300FA9D7C /* Frameworks */,
				E951AB70286720C300FA9D7C /* Resources */,
			);
			buildRules = (
			);
			dependencies = (
				E951AB77286720C300FA9D7C /* PBXTargetDependency */,
			);
			name = RecipleaseTests;
			productName = RecipleaseTests;
			productReference = E951AB72286720C300FA9D7C /* RecipleaseTests.xctest */;
			productType = "com.apple.product-type.bundle.unit-test";
		};
		E9E3A4FB28612C5200E59144 /* Reciplease */ = {
			isa = PBXNativeTarget;
			buildConfigurationList = E9E3A51328612C5300E59144 /* Build configuration list for PBXNativeTarget "Reciplease" */;
			buildPhases = (
				8B8F3CB6234C15C2D69ED122 /* [CP] Check Pods Manifest.lock */,
				E9E3A4F828612C5200E59144 /* Sources */,
				E9E3A4F928612C5200E59144 /* Frameworks */,
				E9E3A4FA28612C5200E59144 /* Resources */,
				46E989E564A93F8FC25D19C9 /* [CP] Embed Pods Frameworks */,
			);
			buildRules = (
			);
			dependencies = (
			);
			name = Reciplease;
			productName = Reciplease;
			productReference = E9E3A4FC28612C5200E59144 /* Reciplease.app */;
			productType = "com.apple.product-type.application";
		};
/* End PBXNativeTarget section */

/* Begin PBXProject section */
		E9E3A4F428612C5100E59144 /* Project object */ = {
			isa = PBXProject;
			attributes = {
				BuildIndependentTargetsInParallel = 1;
				LastSwiftUpdateCheck = 1340;
				LastUpgradeCheck = 1340;
				TargetAttributes = {
					E951AB71286720C300FA9D7C = {
						CreatedOnToolsVersion = 13.4.1;
						LastSwiftMigration = 1340;
						TestTargetID = E9E3A4FB28612C5200E59144;
					};
					E9E3A4FB28612C5200E59144 = {
						CreatedOnToolsVersion = 13.4.1;
					};
				};
			};
			buildConfigurationList = E9E3A4F728612C5100E59144 /* Build configuration list for PBXProject "Reciplease" */;
			compatibilityVersion = "Xcode 13.0";
			developmentRegion = en;
			hasScannedForEncodings = 0;
			knownRegions = (
				en,
				Base,
			);
			mainGroup = E9E3A4F328612C5100E59144;
			productRefGroup = E9E3A4FD28612C5200E59144 /* Products */;
			projectDirPath = "";
			projectRoot = "";
			targets = (
				E9E3A4FB28612C5200E59144 /* Reciplease */,
				E951AB71286720C300FA9D7C /* RecipleaseTests */,
			);
		};
/* End PBXProject section */

/* Begin PBXResourcesBuildPhase section */
		E951AB70286720C300FA9D7C /* Resources */ = {
			isa = PBXResourcesBuildPhase;
			buildActionMask = 2147483647;
			files = (
				E951AB832867283900FA9D7C /* RecipeData.json in Resources */,
				E951AB8B2867739800FA9D7C /* RecipeDataEmpty.json in Resources */,
			);
			runOnlyForDeploymentPostprocessing = 0;
		};
		E9E3A4FA28612C5200E59144 /* Resources */ = {
			isa = PBXResourcesBuildPhase;
			buildActionMask = 2147483647;
			files = (
				E9E3A50F28612C5300E59144 /* LaunchScreen.storyboard in Resources */,
				E9E3A50C28612C5300E59144 /* Assets.xcassets in Resources */,
				E9E3A50728612C5200E59144 /* Main.storyboard in Resources */,
			);
			runOnlyForDeploymentPostprocessing = 0;
		};
/* End PBXResourcesBuildPhase section */

/* Begin PBXShellScriptBuildPhase section */
		2FB5CC8AC5F5FA24CA812DF4 /* [CP] Check Pods Manifest.lock */ = {
			isa = PBXShellScriptBuildPhase;
			buildActionMask = 2147483647;
			files = (
			);
			inputFileListPaths = (
			);
			inputPaths = (
				"${PODS_PODFILE_DIR_PATH}/Podfile.lock",
				"${PODS_ROOT}/Manifest.lock",
			);
			name = "[CP] Check Pods Manifest.lock";
			outputFileListPaths = (
			);
			outputPaths = (
				"$(DERIVED_FILE_DIR)/Pods-RecipleaseTests-checkManifestLockResult.txt",
			);
			runOnlyForDeploymentPostprocessing = 0;
			shellPath = /bin/sh;
			shellScript = "diff \"${PODS_PODFILE_DIR_PATH}/Podfile.lock\" \"${PODS_ROOT}/Manifest.lock\" > /dev/null\nif [ $? != 0 ] ; then\n    # print error to STDERR\n    echo \"error: The sandbox is not in sync with the Podfile.lock. Run 'pod install' or update your CocoaPods installation.\" >&2\n    exit 1\nfi\n# This output is used by Xcode 'outputs' to avoid re-running this script phase.\necho \"SUCCESS\" > \"${SCRIPT_OUTPUT_FILE_0}\"\n";
			showEnvVarsInLog = 0;
		};
		46E989E564A93F8FC25D19C9 /* [CP] Embed Pods Frameworks */ = {
			isa = PBXShellScriptBuildPhase;
			buildActionMask = 2147483647;
			files = (
			);
			inputFileListPaths = (
				"${PODS_ROOT}/Target Support Files/Pods-Reciplease/Pods-Reciplease-frameworks-${CONFIGURATION}-input-files.xcfilelist",
			);
			name = "[CP] Embed Pods Frameworks";
			outputFileListPaths = (
				"${PODS_ROOT}/Target Support Files/Pods-Reciplease/Pods-Reciplease-frameworks-${CONFIGURATION}-output-files.xcfilelist",
			);
			runOnlyForDeploymentPostprocessing = 0;
			shellPath = /bin/sh;
			shellScript = "\"${PODS_ROOT}/Target Support Files/Pods-Reciplease/Pods-Reciplease-frameworks.sh\"\n";
			showEnvVarsInLog = 0;
		};
		8B8F3CB6234C15C2D69ED122 /* [CP] Check Pods Manifest.lock */ = {
			isa = PBXShellScriptBuildPhase;
			buildActionMask = 2147483647;
			files = (
			);
			inputFileListPaths = (
			);
			inputPaths = (
				"${PODS_PODFILE_DIR_PATH}/Podfile.lock",
				"${PODS_ROOT}/Manifest.lock",
			);
			name = "[CP] Check Pods Manifest.lock";
			outputFileListPaths = (
			);
			outputPaths = (
				"$(DERIVED_FILE_DIR)/Pods-Reciplease-checkManifestLockResult.txt",
			);
			runOnlyForDeploymentPostprocessing = 0;
			shellPath = /bin/sh;
			shellScript = "diff \"${PODS_PODFILE_DIR_PATH}/Podfile.lock\" \"${PODS_ROOT}/Manifest.lock\" > /dev/null\nif [ $? != 0 ] ; then\n    # print error to STDERR\n    echo \"error: The sandbox is not in sync with the Podfile.lock. Run 'pod install' or update your CocoaPods installation.\" >&2\n    exit 1\nfi\n# This output is used by Xcode 'outputs' to avoid re-running this script phase.\necho \"SUCCESS\" > \"${SCRIPT_OUTPUT_FILE_0}\"\n";
			showEnvVarsInLog = 0;
		};
/* End PBXShellScriptBuildPhase section */

/* Begin PBXSourcesBuildPhase section */
		E951AB6E286720C300FA9D7C /* Sources */ = {
			isa = PBXSourcesBuildPhase;
			buildActionMask = 2147483647;
			files = (
				E951AB812867273C00FA9D7C /* FakeResponse.swift in Sources */,
				E951AB7D2867215D00FA9D7C /* NetworkServiceTest.swift in Sources */,
				E95069F0286DF6A700BE1F6E /* FavoriteSearchServiceTest.swift in Sources */,
				E951AB7F286725E100FA9D7C /* MockURLProtocol.swift in Sources */,
				E951AB87286740B500FA9D7C /* RecipeSearchServiceTest.swift in Sources */,
			);
			runOnlyForDeploymentPostprocessing = 0;
		};
		E9E3A4F828612C5200E59144 /* Sources */ = {
			isa = PBXSourcesBuildPhase;
			buildActionMask = 2147483647;
			files = (
				E99E575B286658610057C206 /* recipeSearchLabel.swift in Sources */,
				E9E3A50A28612C5200E59144 /* Reciplease.xcdatamodeld in Sources */,
				E95D6EED28649E64009520A3 /* EdamamApi.swift in Sources */,
				E9F46FDA286B668B0002EB71 /* FavoriteSearchResultTableViewController.swift in Sources */,
				E95D6EEF2864F487009520A3 /* RecipeSearchResultViewController.swift in Sources */,
				E95D6EE928649674009520A3 /* ViewControllerExtension.swift in Sources */,
				E95D6EF128651B70009520A3 /* IngredientTableViewCell.swift in Sources */,
				E986B1432864830B00FC3153 /* NetworkService.swift in Sources */,
				E99E5759286648B00057C206 /* RecipeTableViewCell.swift in Sources */,
				E99E575328660C7F0057C206 /* RecipeSearchError.swift in Sources */,
				E9E3A50428612C5200E59144 /* RecipeSearchViewController.swift in Sources */,
				E98E737E286A55A100CAE782 /* Recipe.swift in Sources */,
				E98E7380286A61B900CAE782 /* Favorite.swift in Sources */,
				E95D6EEB28649D7B009520A3 /* RecipeSearchService.swift in Sources */,
				E95069F2286E079800BE1F6E /* EdamamApiConstant.swift in Sources */,
				E9C4AFB928638A0A00A2C744 /* IngredientRelatedLabel.swift in Sources */,
				E9F46FDC286BA3730002EB71 /* FavoriteSearchService.swift in Sources */,
				E9E3A50028612C5200E59144 /* AppDelegate.swift in Sources */,
				E95C99722868968300A68F4F /* RecipeDetailViewController.swift in Sources */,
				E9E3A50228612C5200E59144 /* SceneDelegate.swift in Sources */,
				E9FD9CBE2863690F00FA6ADA /* UiViewExtended.swift in Sources */,
			);
			runOnlyForDeploymentPostprocessing = 0;
		};
/* End PBXSourcesBuildPhase section */

/* Begin PBXTargetDependency section */
		E951AB77286720C300FA9D7C /* PBXTargetDependency */ = {
			isa = PBXTargetDependency;
			target = E9E3A4FB28612C5200E59144 /* Reciplease */;
			targetProxy = E951AB76286720C300FA9D7C /* PBXContainerItemProxy */;
		};
/* End PBXTargetDependency section */

/* Begin PBXVariantGroup section */
		E9E3A50528612C5200E59144 /* Main.storyboard */ = {
			isa = PBXVariantGroup;
			children = (
				E9E3A50628612C5200E59144 /* Base */,
			);
			name = Main.storyboard;
			sourceTree = "<group>";
		};
		E9E3A50D28612C5300E59144 /* LaunchScreen.storyboard */ = {
			isa = PBXVariantGroup;
			children = (
				E9E3A50E28612C5300E59144 /* Base */,
			);
			name = LaunchScreen.storyboard;
			sourceTree = "<group>";
		};
/* End PBXVariantGroup section */

/* Begin XCBuildConfiguration section */
		E951AB78286720C300FA9D7C /* Debug */ = {
			isa = XCBuildConfiguration;
			baseConfigurationReference = 3526F3C61873782E71DB0FE5 /* Pods-RecipleaseTests.debug.xcconfig */;
			buildSettings = {
				BUNDLE_LOADER = "$(TEST_HOST)";
				CLANG_ENABLE_MODULES = YES;
				CODE_SIGN_STYLE = Automatic;
				CURRENT_PROJECT_VERSION = 1;
				DEVELOPMENT_TEAM = 32VPA6HJ38;
				GENERATE_INFOPLIST_FILE = YES;
				LD_RUNPATH_SEARCH_PATHS = (
					"$(inherited)",
					"@executable_path/Frameworks",
					"@loader_path/Frameworks",
				);
				MARKETING_VERSION = 1.0;
				PRODUCT_BUNDLE_IDENTIFIER = com.bertranddalleau.RecipleaseTests;
				PRODUCT_NAME = "$(TARGET_NAME)";
				SWIFT_EMIT_LOC_STRINGS = NO;
				SWIFT_OBJC_BRIDGING_HEADER = "RecipleaseTests/RecipleaseTests-Bridging-Header.h";
				SWIFT_OPTIMIZATION_LEVEL = "-Onone";
				SWIFT_VERSION = 5.0;
				TARGETED_DEVICE_FAMILY = "1,2";
				TEST_HOST = "$(BUILT_PRODUCTS_DIR)/Reciplease.app/Reciplease";
			};
			name = Debug;
		};
		E951AB79286720C300FA9D7C /* Release */ = {
			isa = XCBuildConfiguration;
			baseConfigurationReference = E59792DFE26B3F903F896949 /* Pods-RecipleaseTests.release.xcconfig */;
			buildSettings = {
				BUNDLE_LOADER = "$(TEST_HOST)";
				CLANG_ENABLE_MODULES = YES;
				CODE_SIGN_STYLE = Automatic;
				CURRENT_PROJECT_VERSION = 1;
				DEVELOPMENT_TEAM = 32VPA6HJ38;
				GENERATE_INFOPLIST_FILE = YES;
				LD_RUNPATH_SEARCH_PATHS = (
					"$(inherited)",
					"@executable_path/Frameworks",
					"@loader_path/Frameworks",
				);
				MARKETING_VERSION = 1.0;
				PRODUCT_BUNDLE_IDENTIFIER = com.bertranddalleau.RecipleaseTests;
				PRODUCT_NAME = "$(TARGET_NAME)";
				SWIFT_EMIT_LOC_STRINGS = NO;
				SWIFT_OBJC_BRIDGING_HEADER = "RecipleaseTests/RecipleaseTests-Bridging-Header.h";
				SWIFT_VERSION = 5.0;
				TARGETED_DEVICE_FAMILY = "1,2";
				TEST_HOST = "$(BUILT_PRODUCTS_DIR)/Reciplease.app/Reciplease";
			};
			name = Release;
		};
		E9E3A51128612C5300E59144 /* Debug */ = {
			isa = XCBuildConfiguration;
			buildSettings = {
				ALWAYS_SEARCH_USER_PATHS = NO;
				CLANG_ANALYZER_NONNULL = YES;
				CLANG_ANALYZER_NUMBER_OBJECT_CONVERSION = YES_AGGRESSIVE;
				CLANG_CXX_LANGUAGE_STANDARD = "gnu++17";
				CLANG_ENABLE_MODULES = YES;
				CLANG_ENABLE_OBJC_ARC = YES;
				CLANG_ENABLE_OBJC_WEAK = YES;
				CLANG_WARN_BLOCK_CAPTURE_AUTORELEASING = YES;
				CLANG_WARN_BOOL_CONVERSION = YES;
				CLANG_WARN_COMMA = YES;
				CLANG_WARN_CONSTANT_CONVERSION = YES;
				CLANG_WARN_DEPRECATED_OBJC_IMPLEMENTATIONS = YES;
				CLANG_WARN_DIRECT_OBJC_ISA_USAGE = YES_ERROR;
				CLANG_WARN_DOCUMENTATION_COMMENTS = YES;
				CLANG_WARN_EMPTY_BODY = YES;
				CLANG_WARN_ENUM_CONVERSION = YES;
				CLANG_WARN_INFINITE_RECURSION = YES;
				CLANG_WARN_INT_CONVERSION = YES;
				CLANG_WARN_NON_LITERAL_NULL_CONVERSION = YES;
				CLANG_WARN_OBJC_IMPLICIT_RETAIN_SELF = YES;
				CLANG_WARN_OBJC_LITERAL_CONVERSION = YES;
				CLANG_WARN_OBJC_ROOT_CLASS = YES_ERROR;
				CLANG_WARN_QUOTED_INCLUDE_IN_FRAMEWORK_HEADER = YES;
				CLANG_WARN_RANGE_LOOP_ANALYSIS = YES;
				CLANG_WARN_STRICT_PROTOTYPES = YES;
				CLANG_WARN_SUSPICIOUS_MOVE = YES;
				CLANG_WARN_UNGUARDED_AVAILABILITY = YES_AGGRESSIVE;
				CLANG_WARN_UNREACHABLE_CODE = YES;
				CLANG_WARN__DUPLICATE_METHOD_MATCH = YES;
				COPY_PHASE_STRIP = NO;
				DEBUG_INFORMATION_FORMAT = dwarf;
				ENABLE_STRICT_OBJC_MSGSEND = YES;
				ENABLE_TESTABILITY = YES;
				GCC_C_LANGUAGE_STANDARD = gnu11;
				GCC_DYNAMIC_NO_PIC = NO;
				GCC_NO_COMMON_BLOCKS = YES;
				GCC_OPTIMIZATION_LEVEL = 0;
				GCC_PREPROCESSOR_DEFINITIONS = (
					"DEBUG=1",
					"$(inherited)",
				);
				GCC_WARN_64_TO_32_BIT_CONVERSION = YES;
				GCC_WARN_ABOUT_RETURN_TYPE = YES_ERROR;
				GCC_WARN_UNDECLARED_SELECTOR = YES;
				GCC_WARN_UNINITIALIZED_AUTOS = YES_AGGRESSIVE;
				GCC_WARN_UNUSED_FUNCTION = YES;
				GCC_WARN_UNUSED_VARIABLE = YES;
				IPHONEOS_DEPLOYMENT_TARGET = 15.5;
				MTL_ENABLE_DEBUG_INFO = INCLUDE_SOURCE;
				MTL_FAST_MATH = YES;
				ONLY_ACTIVE_ARCH = YES;
				SDKROOT = iphoneos;
				SWIFT_ACTIVE_COMPILATION_CONDITIONS = DEBUG;
				SWIFT_OPTIMIZATION_LEVEL = "-Onone";
			};
			name = Debug;
		};
		E9E3A51228612C5300E59144 /* Release */ = {
			isa = XCBuildConfiguration;
			buildSettings = {
				ALWAYS_SEARCH_USER_PATHS = NO;
				CLANG_ANALYZER_NONNULL = YES;
				CLANG_ANALYZER_NUMBER_OBJECT_CONVERSION = YES_AGGRESSIVE;
				CLANG_CXX_LANGUAGE_STANDARD = "gnu++17";
				CLANG_ENABLE_MODULES = YES;
				CLANG_ENABLE_OBJC_ARC = YES;
				CLANG_ENABLE_OBJC_WEAK = YES;
				CLANG_WARN_BLOCK_CAPTURE_AUTORELEASING = YES;
				CLANG_WARN_BOOL_CONVERSION = YES;
				CLANG_WARN_COMMA = YES;
				CLANG_WARN_CONSTANT_CONVERSION = YES;
				CLANG_WARN_DEPRECATED_OBJC_IMPLEMENTATIONS = YES;
				CLANG_WARN_DIRECT_OBJC_ISA_USAGE = YES_ERROR;
				CLANG_WARN_DOCUMENTATION_COMMENTS = YES;
				CLANG_WARN_EMPTY_BODY = YES;
				CLANG_WARN_ENUM_CONVERSION = YES;
				CLANG_WARN_INFINITE_RECURSION = YES;
				CLANG_WARN_INT_CONVERSION = YES;
				CLANG_WARN_NON_LITERAL_NULL_CONVERSION = YES;
				CLANG_WARN_OBJC_IMPLICIT_RETAIN_SELF = YES;
				CLANG_WARN_OBJC_LITERAL_CONVERSION = YES;
				CLANG_WARN_OBJC_ROOT_CLASS = YES_ERROR;
				CLANG_WARN_QUOTED_INCLUDE_IN_FRAMEWORK_HEADER = YES;
				CLANG_WARN_RANGE_LOOP_ANALYSIS = YES;
				CLANG_WARN_STRICT_PROTOTYPES = YES;
				CLANG_WARN_SUSPICIOUS_MOVE = YES;
				CLANG_WARN_UNGUARDED_AVAILABILITY = YES_AGGRESSIVE;
				CLANG_WARN_UNREACHABLE_CODE = YES;
				CLANG_WARN__DUPLICATE_METHOD_MATCH = YES;
				COPY_PHASE_STRIP = NO;
				DEBUG_INFORMATION_FORMAT = "dwarf-with-dsym";
				ENABLE_NS_ASSERTIONS = NO;
				ENABLE_STRICT_OBJC_MSGSEND = YES;
				GCC_C_LANGUAGE_STANDARD = gnu11;
				GCC_NO_COMMON_BLOCKS = YES;
				GCC_WARN_64_TO_32_BIT_CONVERSION = YES;
				GCC_WARN_ABOUT_RETURN_TYPE = YES_ERROR;
				GCC_WARN_UNDECLARED_SELECTOR = YES;
				GCC_WARN_UNINITIALIZED_AUTOS = YES_AGGRESSIVE;
				GCC_WARN_UNUSED_FUNCTION = YES;
				GCC_WARN_UNUSED_VARIABLE = YES;
				IPHONEOS_DEPLOYMENT_TARGET = 15.5;
				MTL_ENABLE_DEBUG_INFO = NO;
				MTL_FAST_MATH = YES;
				SDKROOT = iphoneos;
				SWIFT_COMPILATION_MODE = wholemodule;
				SWIFT_OPTIMIZATION_LEVEL = "-O";
				VALIDATE_PRODUCT = YES;
			};
			name = Release;
		};
		E9E3A51428612C5300E59144 /* Debug */ = {
			isa = XCBuildConfiguration;
			baseConfigurationReference = 5B981F1275FCAA66772CD94D /* Pods-Reciplease.debug.xcconfig */;
			buildSettings = {
				ASSETCATALOG_COMPILER_APPICON_NAME = AppIcon;
				ASSETCATALOG_COMPILER_GLOBAL_ACCENT_COLOR_NAME = AccentColor;
				CODE_SIGN_IDENTITY = "Apple Development";
				CODE_SIGN_STYLE = Automatic;
				CURRENT_PROJECT_VERSION = 1;
				DEVELOPMENT_TEAM = 32VPA6HJ38;
				GENERATE_INFOPLIST_FILE = YES;
				INFOPLIST_FILE = Reciplease/Info.plist;
				INFOPLIST_KEY_UIApplicationSupportsIndirectInputEvents = YES;
				INFOPLIST_KEY_UILaunchStoryboardName = LaunchScreen;
				INFOPLIST_KEY_UIMainStoryboardFile = Main;
				INFOPLIST_KEY_UISupportedInterfaceOrientations = UIInterfaceOrientationPortrait;
				INFOPLIST_KEY_UISupportedInterfaceOrientations_iPad = "UIInterfaceOrientationPortrait UIInterfaceOrientationPortraitUpsideDown UIInterfaceOrientationLandscapeLeft UIInterfaceOrientationLandscapeRight";
				INFOPLIST_KEY_UISupportedInterfaceOrientations_iPhone = "UIInterfaceOrientationPortrait UIInterfaceOrientationLandscapeLeft UIInterfaceOrientationLandscapeRight";
				LD_RUNPATH_SEARCH_PATHS = (
					"$(inherited)",
					"@executable_path/Frameworks",
				);
				MARKETING_VERSION = 1.0;
				PRODUCT_BUNDLE_IDENTIFIER = com.bertranddalleau.Reciplease;
				PRODUCT_NAME = "$(TARGET_NAME)";
				PROVISIONING_PROFILE_SPECIFIER = "";
				SWIFT_EMIT_LOC_STRINGS = YES;
				SWIFT_SUPPRESS_WARNINGS = NO;
				SWIFT_VERSION = 5.0;
				TARGETED_DEVICE_FAMILY = 1;
			};
			name = Debug;
		};
		E9E3A51528612C5300E59144 /* Release */ = {
			isa = XCBuildConfiguration;
			baseConfigurationReference = 35CC4A2D25A7C1AAD5084F06 /* Pods-Reciplease.release.xcconfig */;
			buildSettings = {
				ASSETCATALOG_COMPILER_APPICON_NAME = AppIcon;
				ASSETCATALOG_COMPILER_GLOBAL_ACCENT_COLOR_NAME = AccentColor;
				CODE_SIGN_IDENTITY = "Apple Development";
				CODE_SIGN_STYLE = Automatic;
				CURRENT_PROJECT_VERSION = 1;
				DEVELOPMENT_TEAM = 32VPA6HJ38;
				GENERATE_INFOPLIST_FILE = YES;
				INFOPLIST_FILE = Reciplease/Info.plist;
				INFOPLIST_KEY_UIApplicationSupportsIndirectInputEvents = YES;
				INFOPLIST_KEY_UILaunchStoryboardName = LaunchScreen;
				INFOPLIST_KEY_UIMainStoryboardFile = Main;
				INFOPLIST_KEY_UISupportedInterfaceOrientations = UIInterfaceOrientationPortrait;
				INFOPLIST_KEY_UISupportedInterfaceOrientations_iPad = "UIInterfaceOrientationPortrait UIInterfaceOrientationPortraitUpsideDown UIInterfaceOrientationLandscapeLeft UIInterfaceOrientationLandscapeRight";
				INFOPLIST_KEY_UISupportedInterfaceOrientations_iPhone = "UIInterfaceOrientationPortrait UIInterfaceOrientationLandscapeLeft UIInterfaceOrientationLandscapeRight";
				LD_RUNPATH_SEARCH_PATHS = (
					"$(inherited)",
					"@executable_path/Frameworks",
				);
				MARKETING_VERSION = 1.0;
				PRODUCT_BUNDLE_IDENTIFIER = com.bertranddalleau.Reciplease;
				PRODUCT_NAME = "$(TARGET_NAME)";
				PROVISIONING_PROFILE_SPECIFIER = "";
				SWIFT_EMIT_LOC_STRINGS = YES;
				SWIFT_SUPPRESS_WARNINGS = NO;
				SWIFT_VERSION = 5.0;
				TARGETED_DEVICE_FAMILY = 1;
			};
			name = Release;
		};
/* End XCBuildConfiguration section */

/* Begin XCConfigurationList section */
		E951AB7A286720C300FA9D7C /* Build configuration list for PBXNativeTarget "RecipleaseTests" */ = {
			isa = XCConfigurationList;
			buildConfigurations = (
				E951AB78286720C300FA9D7C /* Debug */,
				E951AB79286720C300FA9D7C /* Release */,
			);
			defaultConfigurationIsVisible = 0;
			defaultConfigurationName = Release;
		};
		E9E3A4F728612C5100E59144 /* Build configuration list for PBXProject "Reciplease" */ = {
			isa = XCConfigurationList;
			buildConfigurations = (
				E9E3A51128612C5300E59144 /* Debug */,
				E9E3A51228612C5300E59144 /* Release */,
			);
			defaultConfigurationIsVisible = 0;
			defaultConfigurationName = Release;
		};
		E9E3A51328612C5300E59144 /* Build configuration list for PBXNativeTarget "Reciplease" */ = {
			isa = XCConfigurationList;
			buildConfigurations = (
				E9E3A51428612C5300E59144 /* Debug */,
				E9E3A51528612C5300E59144 /* Release */,
			);
			defaultConfigurationIsVisible = 0;
			defaultConfigurationName = Release;
		};
/* End XCConfigurationList section */

/* Begin XCVersionGroup section */
		E9E3A50828612C5200E59144 /* Reciplease.xcdatamodeld */ = {
			isa = XCVersionGroup;
			children = (
				E9E3A50928612C5200E59144 /* Reciplease.xcdatamodel */,
			);
			currentVersion = E9E3A50928612C5200E59144 /* Reciplease.xcdatamodel */;
			path = Reciplease.xcdatamodeld;
			sourceTree = "<group>";
			versionGroupType = wrapper.xcdatamodel;
		};
/* End XCVersionGroup section */
	};
	rootObject = E9E3A4F428612C5100E59144 /* Project object */;
}
